<?xml version="1.0" encoding="UTF-8" standalone="yes" ?>
<CodeBlocks_project_file>
	<FileVersion major="1" minor="6" />
	<Project>
		<Option title="Pandora3D" />
		<Option pch_mode="2" />
		<Option compiler="gcc" />
		<Option virtualFolders="Pandora3D/PandoraCore/;Pandora3D/PandoraCore/Math/;Pandora3D/PandoraCore/Math/Templates/;Pandora3D/PandoraCore/Math/Sources/;Pandora3D/PandoraCore/Math/Headers/;Pandora3D/PandoraCore/System/;Pandora3D/;Pandora3D/Tests/;Pandora3D/Tests/MathTests/;Pandora3D/Tests/MathTests/Headers/;Pandora3D/Tests/MathTests/Sources/;" />
		<Build>
			<Target title="Debug">
				<Option output="bin/Debug/Pandora3D" prefix_auto="1" extension_auto="1" />
				<Option object_output="obj/Debug/" />
				<Option type="1" />
				<Option compiler="gcc" />
				<Compiler>
					<Add option="-g" />
				</Compiler>
			</Target>
			<Target title="Release">
				<Option output="bin/Release/Pandora3D" prefix_auto="1" extension_auto="1" />
				<Option object_output="obj/Release/" />
				<Option type="1" />
				<Option compiler="gcc" />
				<Compiler>
					<Add option="-O2" />
				</Compiler>
				<Linker>
					<Add option="-s" />
				</Linker>
			</Target>
		</Build>
		<Compiler>
			<Add option="-Wall" />
		</Compiler>
		<Unit filename="CMakeLists.txt">
			<Option virtualFolder="Pandora3D/" />
			<Option target="Debug" />
		</Unit>
		<Unit filename="PandoraCore/CMakeLists.txt">
			<Option virtualFolder="Pandora3D/PandoraCore/" />
			<Option target="Debug" />
		</Unit>
		<Unit filename="PandoraCore/Math/CMakeLists.txt">
			<Option virtualFolder="Pandora3D/PandoraCore/Math/" />
			<Option target="Debug" />
		</Unit>
		<Unit filename="PandoraCore/Math/include/PandoraMath.h">
			<Option virtualFolder="Pandora3D/PandoraCore/Math/Headers/" />
			<Option target="Debug" />
		</Unit>
		<Unit filename="PandoraCore/Math/include/PandoraMatrix2.h">
			<Option virtualFolder="Pandora3D/PandoraCore/Math/Headers/" />
			<Option target="Debug" />
		</Unit>
		<Unit filename="PandoraCore/Math/include/PandoraMatrix3.h">
			<Option virtualFolder="Pandora3D/PandoraCore/Math/Headers/" />
			<Option target="Debug" />
		</Unit>
		<Unit filename="PandoraCore/Math/include/PandoraMatrix4.h">
			<Option virtualFolder="Pandora3D/PandoraCore/Math/Headers/" />
			<Option target="Debug" />
		</Unit>
		<Unit filename="PandoraCore/Math/include/PandoraQuat.h">
			<Option virtualFolder="Pandora3D/PandoraCore/Math/Headers/" />
			<Option target="Debug" />
		</Unit>
		<Unit filename="PandoraCore/Math/include/PandoraVector2.h">
			<Option virtualFolder="Pandora3D/PandoraCore/Math/Headers/" />
			<Option target="Debug" />
		</Unit>
		<Unit filename="PandoraCore/Math/include/PandoraVector3.h">
			<Option virtualFolder="Pandora3D/PandoraCore/Math/Headers/" />
			<Option target="Debug" />
		</Unit>
		<Unit filename="PandoraCore/Math/include/PandoraVector4.h">
			<Option virtualFolder="Pandora3D/PandoraCore/Math/Headers/" />
			<Option target="Debug" />
		</Unit>
		<Unit filename="PandoraCore/Math/include/tmpl/PandoraMath.tmpl">
			<Option virtualFolder="Pandora3D/PandoraCore/Math/Templates/" />
			<Option target="Debug" />
		</Unit>
		<Unit filename="PandoraCore/Math/include/tmpl/PandoraMatrix2.tmpl">
			<Option virtualFolder="Pandora3D/PandoraCore/Math/Templates/" />
			<Option target="Debug" />
		</Unit>
		<Unit filename="PandoraCore/Math/include/tmpl/PandoraMatrix3.tmpl">
			<Option virtualFolder="Pandora3D/PandoraCore/Math/Templates/" />
			<Option target="Debug" />
		</Unit>
		<Unit filename="PandoraCore/Math/include/tmpl/PandoraMatrix4.tmpl">
			<Option virtualFolder="Pandora3D/PandoraCore/Math/Templates/" />
			<Option target="Debug" />
		</Unit>
		<Unit filename="PandoraCore/Math/include/tmpl/PandoraQuat.tmpl">
			<Option virtualFolder="Pandora3D/PandoraCore/Math/Templates/" />
			<Option target="Debug" />
		</Unit>
		<Unit filename="PandoraCore/Math/include/tmpl/PandoraVector2.tmpl">
			<Option virtualFolder="Pandora3D/PandoraCore/Math/Templates/" />
			<Option target="Debug" />
		</Unit>
		<Unit filename="PandoraCore/Math/include/tmpl/PandoraVector3.tmpl">
			<Option virtualFolder="Pandora3D/PandoraCore/Math/Templates/" />
			<Option target="Debug" />
		</Unit>
		<Unit filename="PandoraCore/Math/include/tmpl/PandoraVector4.tmpl">
			<Option virtualFolder="Pandora3D/PandoraCore/Math/Templates/" />
			<Option target="Debug" />
		</Unit>
		<Unit filename="PandoraCore/Math/src/PandoraMath.cpp">
			<Option virtualFolder="Pandora3D/PandoraCore/Math/Sources/" />
			<Option target="Debug" />
		</Unit>
		<Unit filename="PandoraCore/Math/src/PandoraMatrix2.cpp">
			<Option virtualFolder="Pandora3D/PandoraCore/Math/Sources/" />
			<Option target="Debug" />
		</Unit>
		<Unit filename="PandoraCore/Math/src/PandoraMatrix3.cpp">
			<Option virtualFolder="Pandora3D/PandoraCore/Math/Sources/" />
			<Option target="Debug" />
		</Unit>
		<Unit filename="PandoraCore/Math/src/PandoraMatrix4.cpp">
			<Option virtualFolder="Pandora3D/PandoraCore/Math/Sources/" />
			<Option target="Debug" />
		</Unit>
		<Unit filename="PandoraCore/Math/src/PandoraQuat.cpp">
			<Option virtualFolder="Pandora3D/PandoraCore/Math/Sources/" />
			<Option target="Debug" />
		</Unit>
		<Unit filename="PandoraCore/Math/src/PandoraVector2.cpp">
			<Option virtualFolder="Pandora3D/PandoraCore/Math/Sources/" />
			<Option target="Debug" />
		</Unit>
		<Unit filename="PandoraCore/Math/src/PandoraVector3.cpp">
			<Option virtualFolder="Pandora3D/PandoraCore/Math/Sources/" />
			<Option target="Debug" />
		</Unit>
		<Unit filename="PandoraCore/Math/src/PandoraVector4.cpp">
			<Option virtualFolder="Pandora3D/PandoraCore/Math/Sources/" />
			<Option target="Debug" />
		</Unit>
		<Unit filename="PandoraCore/System/CMakeLists.txt">
			<Option virtualFolder="Pandora3D/PandoraCore/System/" />
			<Option target="Debug" />
		</Unit>
		<Unit filename="PandoraCore/System/PandoraSystem.h">
			<Option virtualFolder="Pandora3D/PandoraCore/System/" />
			<Option target="Debug" />
		</Unit>
		<Unit filename="Tests/CMakeLists.txt">
			<Option virtualFolder="Pandora3D/Tests/" />
			<Option target="Debug" />
		</Unit>
		<Unit filename="Tests/Math/CMakeLists.txt">
			<Option virtualFolder="Pandora3D/Tests/MathTests/" />
			<Option target="Debug" />
		</Unit>
		<Unit filename="Tests/Math/include/Matrix2_test.h">
			<Option virtualFolder="Pandora3D/Tests/MathTests/Headers/" />
			<Option target="Debug" />
		</Unit>
		<Unit filename="Tests/Math/include/Vector2_test.h">
			<Option virtualFolder="Pandora3D/Tests/MathTests/Headers/" />
			<Option target="Debug" />
		</Unit>
		<Unit filename="Tests/Math/include/Vector3_test.h">
			<Option virtualFolder="Pandora3D/Tests/MathTests/Headers/" />
			<Option target="Debug" />
		</Unit>
		<Unit filename="Tests/Math/include/Vector4_test.h">
			<Option virtualFolder="Pandora3D/Tests/MathTests/Headers/" />
			<Option target="Debug" />
		</Unit>
		<Unit filename="Tests/Math/src/Matrix2_test.cpp">
			<Option virtualFolder="Pandora3D/Tests/MathTests/Sources/" />
			<Option target="Debug" />
		</Unit>
		<Unit filename="Tests/Math/src/Vector2_test.cpp">
			<Option virtualFolder="Pandora3D/Tests/MathTests/Sources/" />
			<Option target="Debug" />
		</Unit>
		<Unit filename="Tests/Math/src/Vector3_test.cpp">
			<Option virtualFolder="Pandora3D/Tests/MathTests/Sources/" />
			<Option target="Debug" />
		</Unit>
		<Unit filename="Tests/Math/src/Vector4_test.cpp">
			<Option virtualFolder="Pandora3D/Tests/MathTests/Sources/" />
			<Option target="Debug" />
		</Unit>
		<Unit filename="Tests/Math/src/testRunner.cpp">
			<Option virtualFolder="Pandora3D/Tests/MathTests/Sources/" />
			<Option target="Debug" />
		</Unit>
		<Extensions>
			<envvars />
			<code_completion />
			<debugger />
			<lib_finder disable_auto="1" />
		</Extensions>
	</Project>
</CodeBlocks_project_file>
